
Microsoft Visual Studio Solution File, Format Version 12.00
# Visual Studio Version 17
VisualStudioVersion = 17.1.32319.34
MinimumVisualStudioVersion = 10.0.40219.1
Project("{2150E333-8FDC-42A3-9474-1A3956D46DE8}") = "Typography", "Typography", "{EDF760BE-F3FA-4361-AFFA-5CB70A3E9E55}"
EndProject
Project("{D954291E-2A0B-460D-934E-DC6B0785DB48}") = "Typography.OpenFont", "Typography.OpenFont\Typography.OpenFont.shproj", "{235A071B-8D06-40AE-A5C5-B1CE59715EE9}"
EndProject
Project("{D954291E-2A0B-460D-934E-DC6B0785DB48}") = "Typography.GlyphLayout", "Typography.GlyphLayout\Typography.GlyphLayout.shproj", "{D8861CF8-C506-472B-8A57-632BD6CA6496}"
EndProject
Project("{2150E333-8FDC-42A3-9474-1A3956D46DE8}") = "Typography_Build", "Typography_Build", "{CCC8D030-3F27-4560-B290-B95F4022DDB8}"
EndProject
Project("{D954291E-2A0B-460D-934E-DC6B0785DB48}") = "Typography.TextBreak", "Typography.TextBreak\Typography.TextBreak\Typography.TextBreak.shproj", "{9A99F103-B119-4A4D-8093-6A03BAA6D36B}"
EndProject
Project("{D954291E-2A0B-460D-934E-DC6B0785DB48}") = "Typography.TextServices", "Typography.TextServices\Typography.TextServices.shproj", "{D07686EE-2618-4C20-8EB5-32AD4C4D3810}"
EndProject
Project("{9A19103F-16F7-4668-BE54-9A1E7A4F7556}") = "Typography.OpenFont", "Build\Typography.OpenFont\Typography.OpenFont.csproj", "{FDE9F6A7-C791-4F33-8A2C-A6F6E5F3670E}"
EndProject
Project("{9A19103F-16F7-4668-BE54-9A1E7A4F7556}") = "Typography.GlyphLayout", "Build\Typography.GlyphLayout\Typography.GlyphLayout.csproj", "{A34CA253-F035-4BEF-A73F-FF91D46BED47}"
EndProject
Project("{9A19103F-16F7-4668-BE54-9A1E7A4F7556}") = "Typography.TextBreak", "Build\Typography.TextBreak\Typography.TextBreak.csproj", "{8541FC8E-DFBC-48C6-AB9B-09AB17126D4F}"
EndProject
Project("{9A19103F-16F7-4668-BE54-9A1E7A4F7556}") = "Typography.TextServices", "Build\Typography.TextServices\Typography.TextServices.csproj", "{A3FCEEDD-99C2-4E58-944C-D9E49C92EF78}"
EndProject
Global
	GlobalSection(SharedMSBuildProjectFiles) = preSolution
		Typography.OpenFont\Typography.OpenFont.projitems*{235a071b-8d06-40ae-a5c5-b1ce59715ee9}*SharedItemsImports = 13
		Typography.TextBreak\Typography.TextBreak\Typography.TextBreak.projitems*{8541fc8e-dfbc-48c6-ab9b-09ab17126d4f}*SharedItemsImports = 5
		Typography.TextBreak\Typography.TextBreak\Typography.TextBreak.projitems*{9a99f103-b119-4a4d-8093-6a03baa6d36b}*SharedItemsImports = 13
		Typography.GlyphLayout\Typography.GlyphLayout.projitems*{a34ca253-f035-4bef-a73f-ff91d46bed47}*SharedItemsImports = 5
		Typography.TextBreak\Typography.TextBreak\Typography.TextBreak.projitems*{a3fceedd-99c2-4e58-944c-d9e49c92ef78}*SharedItemsImports = 5
		Typography.TextServices\Typography.TextServices.projitems*{a3fceedd-99c2-4e58-944c-d9e49c92ef78}*SharedItemsImports = 5
		Typography.TextServices\Typography.TextServices.projitems*{d07686ee-2618-4c20-8eb5-32ad4c4d3810}*SharedItemsImports = 13
		Typography.GlyphLayout\Typography.GlyphLayout.projitems*{d8861cf8-c506-472b-8a57-632bd6ca6496}*SharedItemsImports = 13
		Typography.OpenFont\Typography.OpenFont.projitems*{fde9f6a7-c791-4f33-8a2c-a6f6e5f3670e}*SharedItemsImports = 5
	EndGlobalSection
	GlobalSection(SolutionConfigurationPlatforms) = preSolution
		Ad-Hoc|Any CPU = Ad-Hoc|Any CPU
		Ad-Hoc|iPhone = Ad-Hoc|iPhone
		Ad-Hoc|iPhoneSimulator = Ad-Hoc|iPhoneSimulator
		Ad-Hoc|x86 = Ad-Hoc|x86
		AppStore|Any CPU = AppStore|Any CPU
		AppStore|iPhone = AppStore|iPhone
		AppStore|iPhoneSimulator = AppStore|iPhoneSimulator
		AppStore|x86 = AppStore|x86
		Debug|Any CPU = Debug|Any CPU
		Debug|iPhone = Debug|iPhone
		Debug|iPhoneSimulator = Debug|iPhoneSimulator
		Debug|x86 = Debug|x86
		Debug45|Any CPU = Debug45|Any CPU
		Debug45|iPhone = Debug45|iPhone
		Debug45|iPhoneSimulator = Debug45|iPhoneSimulator
		Debug45|x86 = Debug45|x86
		Release|Any CPU = Release|Any CPU
		Release|iPhone = Release|iPhone
		Release|iPhoneSimulator = Release|iPhoneSimulator
		Release|x86 = Release|x86
		Release45|Any CPU = Release45|Any CPU
		Release45|iPhone = Release45|iPhone
		Release45|iPhoneSimulator = Release45|iPhoneSimulator
		Release45|x86 = Release45|x86
		Release64|Any CPU = Release64|Any CPU
		Release64|iPhone = Release64|iPhone
		Release64|iPhoneSimulator = Release64|iPhoneSimulator
		Release64|x86 = Release64|x86
	EndGlobalSection
	GlobalSection(ProjectConfigurationPlatforms) = postSolution
		{FDE9F6A7-C791-4F33-8A2C-A6F6E5F3670E}.Ad-Hoc|Any CPU.ActiveCfg = Debug|Any CPU
		{FDE9F6A7-C791-4F33-8A2C-A6F6E5F3670E}.Ad-Hoc|Any CPU.Build.0 = Debug|Any CPU
		{FDE9F6A7-C791-4F33-8A2C-A6F6E5F3670E}.Ad-Hoc|iPhone.ActiveCfg = Debug|Any CPU
		{FDE9F6A7-C791-4F33-8A2C-A6F6E5F3670E}.Ad-Hoc|iPhone.Build.0 = Debug|Any CPU
		{FDE9F6A7-C791-4F33-8A2C-A6F6E5F3670E}.Ad-Hoc|iPhoneSimulator.ActiveCfg = Debug|Any CPU
		{FDE9F6A7-C791-4F33-8A2C-A6F6E5F3670E}.Ad-Hoc|iPhoneSimulator.Build.0 = Debug|Any CPU
		{FDE9F6A7-C791-4F33-8A2C-A6F6E5F3670E}.Ad-Hoc|x86.ActiveCfg = Debug|Any CPU
		{FDE9F6A7-C791-4F33-8A2C-A6F6E5F3670E}.Ad-Hoc|x86.Build.0 = Debug|Any CPU
		{FDE9F6A7-C791-4F33-8A2C-A6F6E5F3670E}.AppStore|Any CPU.ActiveCfg = Debug|Any CPU
		{FDE9F6A7-C791-4F33-8A2C-A6F6E5F3670E}.AppStore|Any CPU.Build.0 = Debug|Any CPU
		{FDE9F6A7-C791-4F33-8A2C-A6F6E5F3670E}.AppStore|iPhone.ActiveCfg = Debug|Any CPU
		{FDE9F6A7-C791-4F33-8A2C-A6F6E5F3670E}.AppStore|iPhone.Build.0 = Debug|Any CPU
		{FDE9F6A7-C791-4F33-8A2C-A6F6E5F3670E}.AppStore|iPhoneSimulator.ActiveCfg = Debug|Any CPU
		{FDE9F6A7-C791-4F33-8A2C-A6F6E5F3670E}.AppStore|iPhoneSimulator.Build.0 = Debug|Any CPU
		{FDE9F6A7-C791-4F33-8A2C-A6F6E5F3670E}.AppStore|x86.ActiveCfg = Debug|Any CPU
		{FDE9F6A7-C791-4F33-8A2C-A6F6E5F3670E}.AppStore|x86.Build.0 = Debug|Any CPU
		{FDE9F6A7-C791-4F33-8A2C-A6F6E5F3670E}.Debug|Any CPU.ActiveCfg = Debug|Any CPU
		{FDE9F6A7-C791-4F33-8A2C-A6F6E5F3670E}.Debug|Any CPU.Build.0 = Debug|Any CPU
		{FDE9F6A7-C791-4F33-8A2C-A6F6E5F3670E}.Debug|iPhone.ActiveCfg = Debug|Any CPU
		{FDE9F6A7-C791-4F33-8A2C-A6F6E5F3670E}.Debug|iPhone.Build.0 = Debug|Any CPU
		{FDE9F6A7-C791-4F33-8A2C-A6F6E5F3670E}.Debug|iPhoneSimulator.ActiveCfg = Debug|Any CPU
		{FDE9F6A7-C791-4F33-8A2C-A6F6E5F3670E}.Debug|iPhoneSimulator.Build.0 = Debug|Any CPU
		{FDE9F6A7-C791-4F33-8A2C-A6F6E5F3670E}.Debug|x86.ActiveCfg = Debug|Any CPU
		{FDE9F6A7-C791-4F33-8A2C-A6F6E5F3670E}.Debug|x86.Build.0 = Debug|Any CPU
		{FDE9F6A7-C791-4F33-8A2C-A6F6E5F3670E}.Debug45|Any CPU.ActiveCfg = Debug|Any CPU
		{FDE9F6A7-C791-4F33-8A2C-A6F6E5F3670E}.Debug45|Any CPU.Build.0 = Debug|Any CPU
		{FDE9F6A7-C791-4F33-8A2C-A6F6E5F3670E}.Debug45|iPhone.ActiveCfg = Debug|Any CPU
		{FDE9F6A7-C791-4F33-8A2C-A6F6E5F3670E}.Debug45|iPhone.Build.0 = Debug|Any CPU
		{FDE9F6A7-C791-4F33-8A2C-A6F6E5F3670E}.Debug45|iPhoneSimulator.ActiveCfg = Debug|Any CPU
		{FDE9F6A7-C791-4F33-8A2C-A6F6E5F3670E}.Debug45|iPhoneSimulator.Build.0 = Debug|Any CPU
		{FDE9F6A7-C791-4F33-8A2C-A6F6E5F3670E}.Debug45|x86.ActiveCfg = Debug|Any CPU
		{FDE9F6A7-C791-4F33-8A2C-A6F6E5F3670E}.Debug45|x86.Build.0 = Debug|Any CPU
		{FDE9F6A7-C791-4F33-8A2C-A6F6E5F3670E}.Release|Any CPU.ActiveCfg = Release|Any CPU
		{FDE9F6A7-C791-4F33-8A2C-A6F6E5F3670E}.Release|Any CPU.Build.0 = Release|Any CPU
		{FDE9F6A7-C791-4F33-8A2C-A6F6E5F3670E}.Release|iPhone.ActiveCfg = Release|Any CPU
		{FDE9F6A7-C791-4F33-8A2C-A6F6E5F3670E}.Release|iPhone.Build.0 = Release|Any CPU
		{FDE9F6A7-C791-4F33-8A2C-A6F6E5F3670E}.Release|iPhoneSimulator.ActiveCfg = Release|Any CPU
		{FDE9F6A7-C791-4F33-8A2C-A6F6E5F3670E}.Release|iPhoneSimulator.Build.0 = Release|Any CPU
		{FDE9F6A7-C791-4F33-8A2C-A6F6E5F3670E}.Release|x86.ActiveCfg = Release|Any CPU
		{FDE9F6A7-C791-4F33-8A2C-A6F6E5F3670E}.Release|x86.Build.0 = Release|Any CPU
		{FDE9F6A7-C791-4F33-8A2C-A6F6E5F3670E}.Release45|Any CPU.ActiveCfg = Release|Any CPU
		{FDE9F6A7-C791-4F33-8A2C-A6F6E5F3670E}.Release45|Any CPU.Build.0 = Release|Any CPU
		{FDE9F6A7-C791-4F33-8A2C-A6F6E5F3670E}.Release45|iPhone.ActiveCfg = Release|Any CPU
		{FDE9F6A7-C791-4F33-8A2C-A6F6E5F3670E}.Release45|iPhone.Build.0 = Release|Any CPU
		{FDE9F6A7-C791-4F33-8A2C-A6F6E5F3670E}.Release45|iPhoneSimulator.ActiveCfg = Release|Any CPU
		{FDE9F6A7-C791-4F33-8A2C-A6F6E5F3670E}.Release45|iPhoneSimulator.Build.0 = Release|Any CPU
		{FDE9F6A7-C791-4F33-8A2C-A6F6E5F3670E}.Release45|x86.ActiveCfg = Release|Any CPU
		{FDE9F6A7-C791-4F33-8A2C-A6F6E5F3670E}.Release45|x86.Build.0 = Release|Any CPU
		{FDE9F6A7-C791-4F33-8A2C-A6F6E5F3670E}.Release64|Any CPU.ActiveCfg = Release|Any CPU
		{FDE9F6A7-C791-4F33-8A2C-A6F6E5F3670E}.Release64|Any CPU.Build.0 = Release|Any CPU
		{FDE9F6A7-C791-4F33-8A2C-A6F6E5F3670E}.Release64|iPhone.ActiveCfg = Release|Any CPU
		{FDE9F6A7-C791-4F33-8A2C-A6F6E5F3670E}.Release64|iPhone.Build.0 = Release|Any CPU
		{FDE9F6A7-C791-4F33-8A2C-A6F6E5F3670E}.Release64|iPhoneSimulator.ActiveCfg = Release|Any CPU
		{FDE9F6A7-C791-4F33-8A2C-A6F6E5F3670E}.Release64|iPhoneSimulator.Build.0 = Release|Any CPU
		{FDE9F6A7-C791-4F33-8A2C-A6F6E5F3670E}.Release64|x86.ActiveCfg = Release|Any CPU
		{FDE9F6A7-C791-4F33-8A2C-A6F6E5F3670E}.Release64|x86.Build.0 = Release|Any CPU
		{A34CA253-F035-4BEF-A73F-FF91D46BED47}.Ad-Hoc|Any CPU.ActiveCfg = Debug|Any CPU
		{A34CA253-F035-4BEF-A73F-FF91D46BED47}.Ad-Hoc|Any CPU.Build.0 = Debug|Any CPU
		{A34CA253-F035-4BEF-A73F-FF91D46BED47}.Ad-Hoc|iPhone.ActiveCfg = Debug|Any CPU
		{A34CA253-F035-4BEF-A73F-FF91D46BED47}.Ad-Hoc|iPhone.Build.0 = Debug|Any CPU
		{A34CA253-F035-4BEF-A73F-FF91D46BED47}.Ad-Hoc|iPhoneSimulator.ActiveCfg = Debug|Any CPU
		{A34CA253-F035-4BEF-A73F-FF91D46BED47}.Ad-Hoc|iPhoneSimulator.Build.0 = Debug|Any CPU
		{A34CA253-F035-4BEF-A73F-FF91D46BED47}.Ad-Hoc|x86.ActiveCfg = Debug|Any CPU
		{A34CA253-F035-4BEF-A73F-FF91D46BED47}.Ad-Hoc|x86.Build.0 = Debug|Any CPU
		{A34CA253-F035-4BEF-A73F-FF91D46BED47}.AppStore|Any CPU.ActiveCfg = Debug|Any CPU
		{A34CA253-F035-4BEF-A73F-FF91D46BED47}.AppStore|Any CPU.Build.0 = Debug|Any CPU
		{A34CA253-F035-4BEF-A73F-FF91D46BED47}.AppStore|iPhone.ActiveCfg = Debug|Any CPU
		{A34CA253-F035-4BEF-A73F-FF91D46BED47}.AppStore|iPhone.Build.0 = Debug|Any CPU
		{A34CA253-F035-4BEF-A73F-FF91D46BED47}.AppStore|iPhoneSimulator.ActiveCfg = Debug|Any CPU
		{A34CA253-F035-4BEF-A73F-FF91D46BED47}.AppStore|iPhoneSimulator.Build.0 = Debug|Any CPU
		{A34CA253-F035-4BEF-A73F-FF91D46BED47}.AppStore|x86.ActiveCfg = Debug|Any CPU
		{A34CA253-F035-4BEF-A73F-FF91D46BED47}.AppStore|x86.Build.0 = Debug|Any CPU
		{A34CA253-F035-4BEF-A73F-FF91D46BED47}.Debug|Any CPU.ActiveCfg = Debug|Any CPU
		{A34CA253-F035-4BEF-A73F-FF91D46BED47}.Debug|Any CPU.Build.0 = Debug|Any CPU
		{A34CA253-F035-4BEF-A73F-FF91D46BED47}.Debug|iPhone.ActiveCfg = Debug|Any CPU
		{A34CA253-F035-4BEF-A73F-FF91D46BED47}.Debug|iPhone.Build.0 = Debug|Any CPU
		{A34CA253-F035-4BEF-A73F-FF91D46BED47}.Debug|iPhoneSimulator.ActiveCfg = Debug|Any CPU
		{A34CA253-F035-4BEF-A73F-FF91D46BED47}.Debug|iPhoneSimulator.Build.0 = Debug|Any CPU
		{A34CA253-F035-4BEF-A73F-FF91D46BED47}.Debug|x86.ActiveCfg = Debug|Any CPU
		{A34CA253-F035-4BEF-A73F-FF91D46BED47}.Debug|x86.Build.0 = Debug|Any CPU
		{A34CA253-F035-4BEF-A73F-FF91D46BED47}.Debug45|Any CPU.ActiveCfg = Debug|Any CPU
		{A34CA253-F035-4BEF-A73F-FF91D46BED47}.Debug45|Any CPU.Build.0 = Debug|Any CPU
		{A34CA253-F035-4BEF-A73F-FF91D46BED47}.Debug45|iPhone.ActiveCfg = Debug|Any CPU
		{A34CA253-F035-4BEF-A73F-FF91D46BED47}.Debug45|iPhone.Build.0 = Debug|Any CPU
		{A34CA253-F035-4BEF-A73F-FF91D46BED47}.Debug45|iPhoneSimulator.ActiveCfg = Debug|Any CPU
		{A34CA253-F035-4BEF-A73F-FF91D46BED47}.Debug45|iPhoneSimulator.Build.0 = Debug|Any CPU
		{A34CA253-F035-4BEF-A73F-FF91D46BED47}.Debug45|x86.ActiveCfg = Debug|Any CPU
		{A34CA253-F035-4BEF-A73F-FF91D46BED47}.Debug45|x86.Build.0 = Debug|Any CPU
		{A34CA253-F035-4BEF-A73F-FF91D46BED47}.Release|Any CPU.ActiveCfg = Release|Any CPU
		{A34CA253-F035-4BEF-A73F-FF91D46BED47}.Release|Any CPU.Build.0 = Release|Any CPU
		{A34CA253-F035-4BEF-A73F-FF91D46BED47}.Release|iPhone.ActiveCfg = Release|Any CPU
		{A34CA253-F035-4BEF-A73F-FF91D46BED47}.Release|iPhone.Build.0 = Release|Any CPU
		{A34CA253-F035-4BEF-A73F-FF91D46BED47}.Release|iPhoneSimulator.ActiveCfg = Release|Any CPU
		{A34CA253-F035-4BEF-A73F-FF91D46BED47}.Release|iPhoneSimulator.Build.0 = Release|Any CPU
		{A34CA253-F035-4BEF-A73F-FF91D46BED47}.Release|x86.ActiveCfg = Release|Any CPU
		{A34CA253-F035-4BEF-A73F-FF91D46BED47}.Release|x86.Build.0 = Release|Any CPU
		{A34CA253-F035-4BEF-A73F-FF91D46BED47}.Release45|Any CPU.ActiveCfg = Release|Any CPU
		{A34CA253-F035-4BEF-A73F-FF91D46BED47}.Release45|Any CPU.Build.0 = Release|Any CPU
		{A34CA253-F035-4BEF-A73F-FF91D46BED47}.Release45|iPhone.ActiveCfg = Release|Any CPU
		{A34CA253-F035-4BEF-A73F-FF91D46BED47}.Release45|iPhone.Build.0 = Release|Any CPU
		{A34CA253-F035-4BEF-A73F-FF91D46BED47}.Release45|iPhoneSimulator.ActiveCfg = Release|Any CPU
		{A34CA253-F035-4BEF-A73F-FF91D46BED47}.Release45|iPhoneSimulator.Build.0 = Release|Any CPU
		{A34CA253-F035-4BEF-A73F-FF91D46BED47}.Release45|x86.ActiveCfg = Release|Any CPU
		{A34CA253-F035-4BEF-A73F-FF91D46BED47}.Release45|x86.Build.0 = Release|Any CPU
		{A34CA253-F035-4BEF-A73F-FF91D46BED47}.Release64|Any CPU.ActiveCfg = Release|Any CPU
		{A34CA253-F035-4BEF-A73F-FF91D46BED47}.Release64|Any CPU.Build.0 = Release|Any CPU
		{A34CA253-F035-4BEF-A73F-FF91D46BED47}.Release64|iPhone.ActiveCfg = Release|Any CPU
		{A34CA253-F035-4BEF-A73F-FF91D46BED47}.Release64|iPhone.Build.0 = Release|Any CPU
		{A34CA253-F035-4BEF-A73F-FF91D46BED47}.Release64|iPhoneSimulator.ActiveCfg = Release|Any CPU
		{A34CA253-F035-4BEF-A73F-FF91D46BED47}.Release64|iPhoneSimulator.Build.0 = Release|Any CPU
		{A34CA253-F035-4BEF-A73F-FF91D46BED47}.Release64|x86.ActiveCfg = Release|Any CPU
		{A34CA253-F035-4BEF-A73F-FF91D46BED47}.Release64|x86.Build.0 = Release|Any CPU
		{8541FC8E-DFBC-48C6-AB9B-09AB17126D4F}.Ad-Hoc|Any CPU.ActiveCfg = Debug|Any CPU
		{8541FC8E-DFBC-48C6-AB9B-09AB17126D4F}.Ad-Hoc|Any CPU.Build.0 = Debug|Any CPU
		{8541FC8E-DFBC-48C6-AB9B-09AB17126D4F}.Ad-Hoc|iPhone.ActiveCfg = Debug|Any CPU
		{8541FC8E-DFBC-48C6-AB9B-09AB17126D4F}.Ad-Hoc|iPhone.Build.0 = Debug|Any CPU
		{8541FC8E-DFBC-48C6-AB9B-09AB17126D4F}.Ad-Hoc|iPhoneSimulator.ActiveCfg = Debug|Any CPU
		{8541FC8E-DFBC-48C6-AB9B-09AB17126D4F}.Ad-Hoc|iPhoneSimulator.Build.0 = Debug|Any CPU
		{8541FC8E-DFBC-48C6-AB9B-09AB17126D4F}.Ad-Hoc|x86.ActiveCfg = Debug|Any CPU
		{8541FC8E-DFBC-48C6-AB9B-09AB17126D4F}.Ad-Hoc|x86.Build.0 = Debug|Any CPU
		{8541FC8E-DFBC-48C6-AB9B-09AB17126D4F}.AppStore|Any CPU.ActiveCfg = Debug|Any CPU
		{8541FC8E-DFBC-48C6-AB9B-09AB17126D4F}.AppStore|Any CPU.Build.0 = Debug|Any CPU
		{8541FC8E-DFBC-48C6-AB9B-09AB17126D4F}.AppStore|iPhone.ActiveCfg = Debug|Any CPU
		{8541FC8E-DFBC-48C6-AB9B-09AB17126D4F}.AppStore|iPhone.Build.0 = Debug|Any CPU
		{8541FC8E-DFBC-48C6-AB9B-09AB17126D4F}.AppStore|iPhoneSimulator.ActiveCfg = Debug|Any CPU
		{8541FC8E-DFBC-48C6-AB9B-09AB17126D4F}.AppStore|iPhoneSimulator.Build.0 = Debug|Any CPU
		{8541FC8E-DFBC-48C6-AB9B-09AB17126D4F}.AppStore|x86.ActiveCfg = Debug|Any CPU
		{8541FC8E-DFBC-48C6-AB9B-09AB17126D4F}.AppStore|x86.Build.0 = Debug|Any CPU
		{8541FC8E-DFBC-48C6-AB9B-09AB17126D4F}.Debug|Any CPU.ActiveCfg = Debug|Any CPU
		{8541FC8E-DFBC-48C6-AB9B-09AB17126D4F}.Debug|Any CPU.Build.0 = Debug|Any CPU
		{8541FC8E-DFBC-48C6-AB9B-09AB17126D4F}.Debug|iPhone.ActiveCfg = Debug|Any CPU
		{8541FC8E-DFBC-48C6-AB9B-09AB17126D4F}.Debug|iPhone.Build.0 = Debug|Any CPU
		{8541FC8E-DFBC-48C6-AB9B-09AB17126D4F}.Debug|iPhoneSimulator.ActiveCfg = Debug|Any CPU
		{8541FC8E-DFBC-48C6-AB9B-09AB17126D4F}.Debug|iPhoneSimulator.Build.0 = Debug|Any CPU
		{8541FC8E-DFBC-48C6-AB9B-09AB17126D4F}.Debug|x86.ActiveCfg = Debug|Any CPU
		{8541FC8E-DFBC-48C6-AB9B-09AB17126D4F}.Debug|x86.Build.0 = Debug|Any CPU
		{8541FC8E-DFBC-48C6-AB9B-09AB17126D4F}.Debug45|Any CPU.ActiveCfg = Debug|Any CPU
		{8541FC8E-DFBC-48C6-AB9B-09AB17126D4F}.Debug45|Any CPU.Build.0 = Debug|Any CPU
		{8541FC8E-DFBC-48C6-AB9B-09AB17126D4F}.Debug45|iPhone.ActiveCfg = Debug|Any CPU
		{8541FC8E-DFBC-48C6-AB9B-09AB17126D4F}.Debug45|iPhone.Build.0 = Debug|Any CPU
		{8541FC8E-DFBC-48C6-AB9B-09AB17126D4F}.Debug45|iPhoneSimulator.ActiveCfg = Debug|Any CPU
		{8541FC8E-DFBC-48C6-AB9B-09AB17126D4F}.Debug45|iPhoneSimulator.Build.0 = Debug|Any CPU
		{8541FC8E-DFBC-48C6-AB9B-09AB17126D4F}.Debug45|x86.ActiveCfg = Debug|Any CPU
		{8541FC8E-DFBC-48C6-AB9B-09AB17126D4F}.Debug45|x86.Build.0 = Debug|Any CPU
		{8541FC8E-DFBC-48C6-AB9B-09AB17126D4F}.Release|Any CPU.ActiveCfg = Release|Any CPU
		{8541FC8E-DFBC-48C6-AB9B-09AB17126D4F}.Release|Any CPU.Build.0 = Release|Any CPU
		{8541FC8E-DFBC-48C6-AB9B-09AB17126D4F}.Release|iPhone.ActiveCfg = Release|Any CPU
		{8541FC8E-DFBC-48C6-AB9B-09AB17126D4F}.Release|iPhone.Build.0 = Release|Any CPU
		{8541FC8E-DFBC-48C6-AB9B-09AB17126D4F}.Release|iPhoneSimulator.ActiveCfg = Release|Any CPU
		{8541FC8E-DFBC-48C6-AB9B-09AB17126D4F}.Release|iPhoneSimulator.Build.0 = Release|Any CPU
		{8541FC8E-DFBC-48C6-AB9B-09AB17126D4F}.Release|x86.ActiveCfg = Release|Any CPU
		{8541FC8E-DFBC-48C6-AB9B-09AB17126D4F}.Release|x86.Build.0 = Release|Any CPU
		{8541FC8E-DFBC-48C6-AB9B-09AB17126D4F}.Release45|Any CPU.ActiveCfg = Release|Any CPU
		{8541FC8E-DFBC-48C6-AB9B-09AB17126D4F}.Release45|Any CPU.Build.0 = Release|Any CPU
		{8541FC8E-DFBC-48C6-AB9B-09AB17126D4F}.Release45|iPhone.ActiveCfg = Release|Any CPU
		{8541FC8E-DFBC-48C6-AB9B-09AB17126D4F}.Release45|iPhone.Build.0 = Release|Any CPU
		{8541FC8E-DFBC-48C6-AB9B-09AB17126D4F}.Release45|iPhoneSimulator.ActiveCfg = Release|Any CPU
		{8541FC8E-DFBC-48C6-AB9B-09AB17126D4F}.Release45|iPhoneSimulator.Build.0 = Release|Any CPU
		{8541FC8E-DFBC-48C6-AB9B-09AB17126D4F}.Release45|x86.ActiveCfg = Release|Any CPU
		{8541FC8E-DFBC-48C6-AB9B-09AB17126D4F}.Release45|x86.Build.0 = Release|Any CPU
		{8541FC8E-DFBC-48C6-AB9B-09AB17126D4F}.Release64|Any CPU.ActiveCfg = Release|Any CPU
		{8541FC8E-DFBC-48C6-AB9B-09AB17126D4F}.Release64|Any CPU.Build.0 = Release|Any CPU
		{8541FC8E-DFBC-48C6-AB9B-09AB17126D4F}.Release64|iPhone.ActiveCfg = Release|Any CPU
		{8541FC8E-DFBC-48C6-AB9B-09AB17126D4F}.Release64|iPhone.Build.0 = Release|Any CPU
		{8541FC8E-DFBC-48C6-AB9B-09AB17126D4F}.Release64|iPhoneSimulator.ActiveCfg = Release|Any CPU
		{8541FC8E-DFBC-48C6-AB9B-09AB17126D4F}.Release64|iPhoneSimulator.Build.0 = Release|Any CPU
		{8541FC8E-DFBC-48C6-AB9B-09AB17126D4F}.Release64|x86.ActiveCfg = Release|Any CPU
		{8541FC8E-DFBC-48C6-AB9B-09AB17126D4F}.Release64|x86.Build.0 = Release|Any CPU
		{A3FCEEDD-99C2-4E58-944C-D9E49C92EF78}.Ad-Hoc|Any CPU.ActiveCfg = Debug|Any CPU
		{A3FCEEDD-99C2-4E58-944C-D9E49C92EF78}.Ad-Hoc|Any CPU.Build.0 = Debug|Any CPU
		{A3FCEEDD-99C2-4E58-944C-D9E49C92EF78}.Ad-Hoc|iPhone.ActiveCfg = Debug|Any CPU
		{A3FCEEDD-99C2-4E58-944C-D9E49C92EF78}.Ad-Hoc|iPhone.Build.0 = Debug|Any CPU
		{A3FCEEDD-99C2-4E58-944C-D9E49C92EF78}.Ad-Hoc|iPhoneSimulator.ActiveCfg = Debug|Any CPU
		{A3FCEEDD-99C2-4E58-944C-D9E49C92EF78}.Ad-Hoc|iPhoneSimulator.Build.0 = Debug|Any CPU
		{A3FCEEDD-99C2-4E58-944C-D9E49C92EF78}.Ad-Hoc|x86.ActiveCfg = Debug|Any CPU
		{A3FCEEDD-99C2-4E58-944C-D9E49C92EF78}.Ad-Hoc|x86.Build.0 = Debug|Any CPU
		{A3FCEEDD-99C2-4E58-944C-D9E49C92EF78}.AppStore|Any CPU.ActiveCfg = Debug|Any CPU
		{A3FCEEDD-99C2-4E58-944C-D9E49C92EF78}.AppStore|Any CPU.Build.0 = Debug|Any CPU
		{A3FCEEDD-99C2-4E58-944C-D9E49C92EF78}.AppStore|iPhone.ActiveCfg = Debug|Any CPU
		{A3FCEEDD-99C2-4E58-944C-D9E49C92EF78}.AppStore|iPhone.Build.0 = Debug|Any CPU
		{A3FCEEDD-99C2-4E58-944C-D9E49C92EF78}.AppStore|iPhoneSimulator.ActiveCfg = Debug|Any CPU
		{A3FCEEDD-99C2-4E58-944C-D9E49C92EF78}.AppStore|iPhoneSimulator.Build.0 = Debug|Any CPU
		{A3FCEEDD-99C2-4E58-944C-D9E49C92EF78}.AppStore|x86.ActiveCfg = Debug|Any CPU
		{A3FCEEDD-99C2-4E58-944C-D9E49C92EF78}.AppStore|x86.Build.0 = Debug|Any CPU
		{A3FCEEDD-99C2-4E58-944C-D9E49C92EF78}.Debug|Any CPU.ActiveCfg = Debug|Any CPU
		{A3FCEEDD-99C2-4E58-944C-D9E49C92EF78}.Debug|Any CPU.Build.0 = Debug|Any CPU
		{A3FCEEDD-99C2-4E58-944C-D9E49C92EF78}.Debug|iPhone.ActiveCfg = Debug|Any CPU
		{A3FCEEDD-99C2-4E58-944C-D9E49C92EF78}.Debug|iPhone.Build.0 = Debug|Any CPU
		{A3FCEEDD-99C2-4E58-944C-D9E49C92EF78}.Debug|iPhoneSimulator.ActiveCfg = Debug|Any CPU
		{A3FCEEDD-99C2-4E58-944C-D9E49C92EF78}.Debug|iPhoneSimulator.Build.0 = Debug|Any CPU
		{A3FCEEDD-99C2-4E58-944C-D9E49C92EF78}.Debug|x86.ActiveCfg = Debug|Any CPU
		{A3FCEEDD-99C2-4E58-944C-D9E49C92EF78}.Debug|x86.Build.0 = Debug|Any CPU
		{A3FCEEDD-99C2-4E58-944C-D9E49C92EF78}.Debug45|Any CPU.ActiveCfg = Debug|Any CPU
		{A3FCEEDD-99C2-4E58-944C-D9E49C92EF78}.Debug45|Any CPU.Build.0 = Debug|Any CPU
		{A3FCEEDD-99C2-4E58-944C-D9E49C92EF78}.Debug45|iPhone.ActiveCfg = Debug|Any CPU
		{A3FCEEDD-99C2-4E58-944C-D9E49C92EF78}.Debug45|iPhone.Build.0 = Debug|Any CPU
		{A3FCEEDD-99C2-4E58-944C-D9E49C92EF78}.Debug45|iPhoneSimulator.ActiveCfg = Debug|Any CPU
		{A3FCEEDD-99C2-4E58-944C-D9E49C92EF78}.Debug45|iPhoneSimulator.Build.0 = Debug|Any CPU
		{A3FCEEDD-99C2-4E58-944C-D9E49C92EF78}.Debug45|x86.ActiveCfg = Debug|Any CPU
		{A3FCEEDD-99C2-4E58-944C-D9E49C92EF78}.Debug45|x86.Build.0 = Debug|Any CPU
		{A3FCEEDD-99C2-4E58-944C-D9E49C92EF78}.Release|Any CPU.ActiveCfg = Release|Any CPU
		{A3FCEEDD-99C2-4E58-944C-D9E49C92EF78}.Release|Any CPU.Build.0 = Release|Any CPU
		{A3FCEEDD-99C2-4E58-944C-D9E49C92EF78}.Release|iPhone.ActiveCfg = Release|Any CPU
		{A3FCEEDD-99C2-4E58-944C-D9E49C92EF78}.Release|iPhone.Build.0 = Release|Any CPU
		{A3FCEEDD-99C2-4E58-944C-D9E49C92EF78}.Release|iPhoneSimulator.ActiveCfg = Release|Any CPU
		{A3FCEEDD-99C2-4E58-944C-D9E49C92EF78}.Release|iPhoneSimulator.Build.0 = Release|Any CPU
		{A3FCEEDD-99C2-4E58-944C-D9E49C92EF78}.Release|x86.ActiveCfg = Release|Any CPU
		{A3FCEEDD-99C2-4E58-944C-D9E49C92EF78}.Release|x86.Build.0 = Release|Any CPU
		{A3FCEEDD-99C2-4E58-944C-D9E49C92EF78}.Release45|Any CPU.ActiveCfg = Release|Any CPU
		{A3FCEEDD-99C2-4E58-944C-D9E49C92EF78}.Release45|Any CPU.Build.0 = Release|Any CPU
		{A3FCEEDD-99C2-4E58-944C-D9E49C92EF78}.Release45|iPhone.ActiveCfg = Release|Any CPU
		{A3FCEEDD-99C2-4E58-944C-D9E49C92EF78}.Release45|iPhone.Build.0 = Release|Any CPU
		{A3FCEEDD-99C2-4E58-944C-D9E49C92EF78}.Release45|iPhoneSimulator.ActiveCfg = Release|Any CPU
		{A3FCEEDD-99C2-4E58-944C-D9E49C92EF78}.Release45|iPhoneSimulator.Build.0 = Release|Any CPU
		{A3FCEEDD-99C2-4E58-944C-D9E49C92EF78}.Release45|x86.ActiveCfg = Release|Any CPU
		{A3FCEEDD-99C2-4E58-944C-D9E49C92EF78}.Release45|x86.Build.0 = Release|Any CPU
		{A3FCEEDD-99C2-4E58-944C-D9E49C92EF78}.Release64|Any CPU.ActiveCfg = Release|Any CPU
		{A3FCEEDD-99C2-4E58-944C-D9E49C92EF78}.Release64|Any CPU.Build.0 = Release|Any CPU
		{A3FCEEDD-99C2-4E58-944C-D9E49C92EF78}.Release64|iPhone.ActiveCfg = Release|Any CPU
		{A3FCEEDD-99C2-4E58-944C-D9E49C92EF78}.Release64|iPhone.Build.0 = Release|Any CPU
		{A3FCEEDD-99C2-4E58-944C-D9E49C92EF78}.Release64|iPhoneSimulator.ActiveCfg = Release|Any CPU
		{A3FCEEDD-99C2-4E58-944C-D9E49C92EF78}.Release64|iPhoneSimulator.Build.0 = Release|Any CPU
		{A3FCEEDD-99C2-4E58-944C-D9E49C92EF78}.Release64|x86.ActiveCfg = Release|Any CPU
		{A3FCEEDD-99C2-4E58-944C-D9E49C92EF78}.Release64|x86.Build.0 = Release|Any CPU
	EndGlobalSection
	GlobalSection(SolutionProperties) = preSolution
		HideSolutionNode = FALSE
	EndGlobalSection
	GlobalSection(NestedProjects) = preSolution
		{235A071B-8D06-40AE-A5C5-B1CE59715EE9} = {EDF760BE-F3FA-4361-AFFA-5CB70A3E9E55}
		{D8861CF8-C506-472B-8A57-632BD6CA6496} = {EDF760BE-F3FA-4361-AFFA-5CB70A3E9E55}
		{9A99F103-B119-4A4D-8093-6A03BAA6D36B} = {EDF760BE-F3FA-4361-AFFA-5CB70A3E9E55}
		{D07686EE-2618-4C20-8EB5-32AD4C4D3810} = {EDF760BE-F3FA-4361-AFFA-5CB70A3E9E55}
		{FDE9F6A7-C791-4F33-8A2C-A6F6E5F3670E} = {CCC8D030-3F27-4560-B290-B95F4022DDB8}
		{A34CA253-F035-4BEF-A73F-FF91D46BED47} = {CCC8D030-3F27-4560-B290-B95F4022DDB8}
		{8541FC8E-DFBC-48C6-AB9B-09AB17126D4F} = {CCC8D030-3F27-4560-B290-B95F4022DDB8}
		{A3FCEEDD-99C2-4E58-944C-D9E49C92EF78} = {CCC8D030-3F27-4560-B290-B95F4022DDB8}
	EndGlobalSection
	GlobalSection(ExtensibilityGlobals) = postSolution
		SolutionGuid = {BA5E8E5C-FBFE-4FAD-BFC3-96CD4EE3234E}
	EndGlobalSection
EndGlobal
